
Microsoft Visual Studio Solution File, Format Version 12.00
# Visual Studio Version 17
VisualStudioVersion = 17.9.34728.123
MinimumVisualStudioVersion = 10.0.40219.1
Project("{FAE04EC0-301F-11D3-BF4B-00C04F79EFBC}") = "BlazorApp1", "BlazorApp1\BlazorApp1\BlazorApp1.csproj", "{1EA439CB-8528-42F1-BC0A-6CCECB8B5887}"
EndProject
Project("{FAE04EC0-301F-11D3-BF4B-00C04F79EFBC}") = "BlazorApp1.Client", "BlazorApp1\BlazorApp1.Client\BlazorApp1.Client.csproj", "{278BD685-7E40-455B-9173-B152CB53A80C}"
EndProject
Global
	GlobalSection(SolutionConfigurationPlatforms) = preSolution
		Debug|Any CPU = Debug|Any CPU
		Release|Any CPU = Release|Any CPU
	EndGlobalSection
	GlobalSection(ProjectConfigurationPlatforms) = postSolution
		{1EA439CB-8528-42F1-BC0A-6CCECB8B5887}.Debug|Any CPU.ActiveCfg = Debug|Any CPU
		{1EA439CB-8528-42F1-BC0A-6CCECB8B5887}.Debug|Any CPU.Build.0 = Debug|Any CPU
		{1EA439CB-8528-42F1-BC0A-6CCECB8B5887}.Release|Any CPU.ActiveCfg = Release|Any CPU
		{1EA439CB-8528-42F1-BC0A-6CCECB8B5887}.Release|Any CPU.Build.0 = Release|Any CPU
		{278BD685-7E40-455B-9173-B152CB53A80C}.Debug|Any CPU.ActiveCfg = Debug|Any CPU
		{278BD685-7E40-455B-9173-B152CB53A80C}.Debug|Any CPU.Build.0 = Debug|Any CPU
		{278BD685-7E40-455B-9173-B152CB53A80C}.Release|Any CPU.ActiveCfg = Release|Any CPU
		{278BD685-7E40-455B-9173-B152CB53A80C}.Release|Any CPU.Build.0 = Release|Any CPU
	EndGlobalSection
	GlobalSection(SolutionProperties) = preSolution
		HideSolutionNode = FALSE
	EndGlobalSection
	GlobalSection(ExtensibilityGlobals) = postSolution
		SolutionGuid = {C09497CA-F11C-4D42-B9EC-5DC6C3D9DA6E}
	EndGlobalSection
EndGlobal
